
Microsoft Visual Studio Solution File, Format Version 12.00
# Visual Studio Version 16
VisualStudioVersion = 16.0.31624.102
MinimumVisualStudioVersion = 10.0.40219.1
Project("{FAE04EC0-301F-11D3-BF4B-00C04F79EFBC}") = "ConsoleApp1", "ConsoleApp1\ConsoleApp1.csproj", "{FFB9FEAF-A4F5-408C-8932-1EBD2EB3EF9C}"
EndProject
Global
	GlobalSection(SolutionConfigurationPlatforms) = preSolution
		Debug|Any CPU = Debug|Any CPU
		Release|Any CPU = Release|Any CPU
	EndGlobalSection
	GlobalSection(ProjectConfigurationPlatforms) = postSolution
		{FFB9FEAF-A4F5-408C-8932-1EBD2EB3EF9C}.Debug|Any CPU.ActiveCfg = Debug|Any CPU
		{FFB9FEAF-A4F5-408C-8932-1EBD2EB3EF9C}.Debug|Any CPU.Build.0 = Debug|Any CPU
		{FFB9FEAF-A4F5-408C-8932-1EBD2EB3EF9C}.Release|Any CPU.ActiveCfg = Release|Any CPU
		{FFB9FEAF-A4F5-408C-8932-1EBD2EB3EF9C}.Release|Any CPU.Build.0 = Release|Any CPU
	EndGlobalSection
	GlobalSection(SolutionProperties) = preSolution
		HideSolutionNode = FALSE
	EndGlobalSection
	GlobalSection(ExtensibilityGlobals) = postSolution
		SolutionGuid = {7301DAB9-DB2C-4B16-A78B-86414482D456}
	EndGlobalSection
EndGlobal
